
Microsoft Visual Studio Solution File, Format Version 12.00
# Visual Studio Version 17
VisualStudioVersion = 17.2.32630.192
MinimumVisualStudioVersion = 10.0.40219.1
Project("{FAE04EC0-301F-11D3-BF4B-00C04F79EFBC}") = "Core-Crud-MVC", "Core-Crud-MVC\Core-Crud-MVC.csproj", "{24271D83-3B48-45D7-B252-3741A1B01851}"
EndProject
Global
	GlobalSection(SolutionConfigurationPlatforms) = preSolution
		Debug|Any CPU = Debug|Any CPU
		Release|Any CPU = Release|Any CPU
	EndGlobalSection
	GlobalSection(ProjectConfigurationPlatforms) = postSolution
		{24271D83-3B48-45D7-B252-3741A1B01851}.Debug|Any CPU.ActiveCfg = Debug|Any CPU
		{24271D83-3B48-45D7-B252-3741A1B01851}.Debug|Any CPU.Build.0 = Debug|Any CPU
		{24271D83-3B48-45D7-B252-3741A1B01851}.Release|Any CPU.ActiveCfg = Release|Any CPU
		{24271D83-3B48-45D7-B252-3741A1B01851}.Release|Any CPU.Build.0 = Release|Any CPU
	EndGlobalSection
	GlobalSection(SolutionProperties) = preSolution
		HideSolutionNode = FALSE
	EndGlobalSection
	GlobalSection(ExtensibilityGlobals) = postSolution
		SolutionGuid = {435D11F8-72E8-4A48-A46B-C1E95636E301}
	EndGlobalSection
EndGlobal
